
Microsoft Visual Studio Solution File, Format Version 12.00
# Visual Studio Version 16
VisualStudioVersion = 16.0.31729.503
MinimumVisualStudioVersion = 10.0.40219.1
Project("{FAE04EC0-301F-11D3-BF4B-00C04F79EFBC}") = "SchoolProject", "SchoolProject\SchoolProject.csproj", "{7F765EF6-55D4-4634-B4B8-720151E6742A}"
EndProject
Global
	GlobalSection(SolutionConfigurationPlatforms) = preSolution
		Debug|Any CPU = Debug|Any CPU
		Release|Any CPU = Release|Any CPU
	EndGlobalSection
	GlobalSection(ProjectConfigurationPlatforms) = postSolution
		{7F765EF6-55D4-4634-B4B8-720151E6742A}.Debug|Any CPU.ActiveCfg = Debug|Any CPU
		{7F765EF6-55D4-4634-B4B8-720151E6742A}.Debug|Any CPU.Build.0 = Debug|Any CPU
		{7F765EF6-55D4-4634-B4B8-720151E6742A}.Release|Any CPU.ActiveCfg = Release|Any CPU
		{7F765EF6-55D4-4634-B4B8-720151E6742A}.Release|Any CPU.Build.0 = Release|Any CPU
	EndGlobalSection
	GlobalSection(SolutionProperties) = preSolution
		HideSolutionNode = FALSE
	EndGlobalSection
	GlobalSection(ExtensibilityGlobals) = postSolution
		SolutionGuid = {CC1849E8-BDA6-4EF9-AD95-8444B8FE8F41}
	EndGlobalSection
EndGlobal
